# PyPSA-Earth model checkout this study was last run with (see paths.py, AGENTS.md)
repository: https://github.com/BartonChenTW/pypsa-earth
branch: taiwan
commit: ed1cc11db75f67dff0f9078a218f188129fdb5f5
# Results up to 2026-09-26 were produced with the same model code on branch pypsa-taiwan-dev (tag pre-split-2026-09).
